
Microsoft Visual Studio Solution File, Format Version 12.00
# Visual Studio Version 17
VisualStudioVersion = 17.9.34723.18
MinimumVisualStudioVersion = 10.0.40219.1
Project("{9A19103F-16F7-4668-BE54-9A1E7A4F7556}") = "CyberFab.Database.Automation.Context.Net8", "CyberFab.Database.Automation.Context.Net8\CyberFab.Database.Automation.Context.Net8.csproj", "{03A2F929-87C4-4818-A816-689F625BDC6F}"
EndProject
Project("{9A19103F-16F7-4668-BE54-9A1E7A4F7556}") = "CyberFab.Database.Automation.Models.Net8", "..\..\Models\Net8\CyberFab.Database.Automation.Models.Net8\CyberFab.Database.Automation.Models.Net8.csproj", "{42AF67EA-6B82-4CF8-8F89-3F3B5B50CEC8}"
EndProject
Global
	GlobalSection(SolutionConfigurationPlatforms) = preSolution
		Debug|Any CPU = Debug|Any CPU
		Release|Any CPU = Release|Any CPU
	EndGlobalSection
	GlobalSection(ProjectConfigurationPlatforms) = postSolution
		{03A2F929-87C4-4818-A816-689F625BDC6F}.Debug|Any CPU.ActiveCfg = Debug|Any CPU
		{03A2F929-87C4-4818-A816-689F625BDC6F}.Debug|Any CPU.Build.0 = Debug|Any CPU
		{03A2F929-87C4-4818-A816-689F625BDC6F}.Release|Any CPU.ActiveCfg = Release|Any CPU
		{03A2F929-87C4-4818-A816-689F625BDC6F}.Release|Any CPU.Build.0 = Release|Any CPU
		{42AF67EA-6B82-4CF8-8F89-3F3B5B50CEC8}.Debug|Any CPU.ActiveCfg = Debug|Any CPU
		{42AF67EA-6B82-4CF8-8F89-3F3B5B50CEC8}.Debug|Any CPU.Build.0 = Debug|Any CPU
		{42AF67EA-6B82-4CF8-8F89-3F3B5B50CEC8}.Release|Any CPU.ActiveCfg = Release|Any CPU
		{42AF67EA-6B82-4CF8-8F89-3F3B5B50CEC8}.Release|Any CPU.Build.0 = Release|Any CPU
	EndGlobalSection
	GlobalSection(SolutionProperties) = preSolution
		HideSolutionNode = FALSE
	EndGlobalSection
	GlobalSection(ExtensibilityGlobals) = postSolution
		SolutionGuid = {29C91679-EDD2-47EF-9C61-4D0EBDD962E2}
	EndGlobalSection
EndGlobal
