
Microsoft Visual Studio Solution File, Format Version 12.00
# Visual Studio Version 17
VisualStudioVersion = 17.8.34316.72
MinimumVisualStudioVersion = 10.0.40219.1
Project("{FAE04EC0-301F-11D3-BF4B-00C04F79EFBC}") = "CyberFab.Utils.Enumerators.Net8", "CyberFab.Utils.Enumerators.Net8\CyberFab.Utils.Enumerators.Net8.csproj", "{B5072773-A05A-42FA-8F91-7E5FA1635DAC}"
EndProject
Global
	GlobalSection(SolutionConfigurationPlatforms) = preSolution
		Debug|Any CPU = Debug|Any CPU
		Release|Any CPU = Release|Any CPU
	EndGlobalSection
	GlobalSection(ProjectConfigurationPlatforms) = postSolution
		{B5072773-A05A-42FA-8F91-7E5FA1635DAC}.Debug|Any CPU.ActiveCfg = Debug|Any CPU
		{B5072773-A05A-42FA-8F91-7E5FA1635DAC}.Debug|Any CPU.Build.0 = Debug|Any CPU
		{B5072773-A05A-42FA-8F91-7E5FA1635DAC}.Release|Any CPU.ActiveCfg = Release|Any CPU
		{B5072773-A05A-42FA-8F91-7E5FA1635DAC}.Release|Any CPU.Build.0 = Release|Any CPU
	EndGlobalSection
	GlobalSection(SolutionProperties) = preSolution
		HideSolutionNode = FALSE
	EndGlobalSection
	GlobalSection(ExtensibilityGlobals) = postSolution
		SolutionGuid = {04213D0D-AA26-4B5A-88FB-3314411D942C}
	EndGlobalSection
EndGlobal
