
Microsoft Visual Studio Solution File, Format Version 12.00
# Visual Studio Version 17
VisualStudioVersion = 17.8.34525.116
MinimumVisualStudioVersion = 10.0.40219.1
Project("{FAE04EC0-301F-11D3-BF4B-00C04F79EFBC}") = "CyberFab.Database.Production.Repository.Net8", "CyberFab.Database.Production.Repository.Net8\CyberFab.Database.Production.Repository.Net8.csproj", "{703D5D00-9F00-46B6-B0A6-F4BCBC641432}"
EndProject
Global
	GlobalSection(SolutionConfigurationPlatforms) = preSolution
		Debug|Any CPU = Debug|Any CPU
		Release|Any CPU = Release|Any CPU
	EndGlobalSection
	GlobalSection(ProjectConfigurationPlatforms) = postSolution
		{703D5D00-9F00-46B6-B0A6-F4BCBC641432}.Debug|Any CPU.ActiveCfg = Debug|Any CPU
		{703D5D00-9F00-46B6-B0A6-F4BCBC641432}.Debug|Any CPU.Build.0 = Debug|Any CPU
		{703D5D00-9F00-46B6-B0A6-F4BCBC641432}.Release|Any CPU.ActiveCfg = Release|Any CPU
		{703D5D00-9F00-46B6-B0A6-F4BCBC641432}.Release|Any CPU.Build.0 = Release|Any CPU
	EndGlobalSection
	GlobalSection(SolutionProperties) = preSolution
		HideSolutionNode = FALSE
	EndGlobalSection
	GlobalSection(ExtensibilityGlobals) = postSolution
		SolutionGuid = {5C9F8821-235E-4743-BB1F-FAB21CE8FECA}
	EndGlobalSection
EndGlobal
