
Microsoft Visual Studio Solution File, Format Version 12.00
# Visual Studio Version 17
VisualStudioVersion = 17.8.34316.72
MinimumVisualStudioVersion = 10.0.40219.1
Project("{9A19103F-16F7-4668-BE54-9A1E7A4F7556}") = "CyberFab.Database.Production.Models.Net8", "CyberFab.Database.Production.Models.Net8\CyberFab.Database.Production.Models.Net8.csproj", "{27626EC4-CDFE-46C4-A49D-F3871DB4BF2C}"
EndProject
Project("{9A19103F-16F7-4668-BE54-9A1E7A4F7556}") = "CyberFab.Attributes.Net8", "..\..\..\..\Attributes\Net8\CyberFab.Attributes.Net8\CyberFab.Attributes.Net8.csproj", "{6BA906A5-0CDA-4D0A-9A14-E43EDD5AB2BD}"
EndProject
Global
	GlobalSection(SolutionConfigurationPlatforms) = preSolution
		Debug|Any CPU = Debug|Any CPU
		Release|Any CPU = Release|Any CPU
	EndGlobalSection
	GlobalSection(ProjectConfigurationPlatforms) = postSolution
		{27626EC4-CDFE-46C4-A49D-F3871DB4BF2C}.Debug|Any CPU.ActiveCfg = Debug|Any CPU
		{27626EC4-CDFE-46C4-A49D-F3871DB4BF2C}.Debug|Any CPU.Build.0 = Debug|Any CPU
		{27626EC4-CDFE-46C4-A49D-F3871DB4BF2C}.Release|Any CPU.ActiveCfg = Release|Any CPU
		{27626EC4-CDFE-46C4-A49D-F3871DB4BF2C}.Release|Any CPU.Build.0 = Release|Any CPU
		{6BA906A5-0CDA-4D0A-9A14-E43EDD5AB2BD}.Debug|Any CPU.ActiveCfg = Debug|Any CPU
		{6BA906A5-0CDA-4D0A-9A14-E43EDD5AB2BD}.Debug|Any CPU.Build.0 = Debug|Any CPU
		{6BA906A5-0CDA-4D0A-9A14-E43EDD5AB2BD}.Release|Any CPU.ActiveCfg = Release|Any CPU
		{6BA906A5-0CDA-4D0A-9A14-E43EDD5AB2BD}.Release|Any CPU.Build.0 = Release|Any CPU
	EndGlobalSection
	GlobalSection(SolutionProperties) = preSolution
		HideSolutionNode = FALSE
	EndGlobalSection
	GlobalSection(ExtensibilityGlobals) = postSolution
		SolutionGuid = {3382DB57-BE7F-4355-BBF1-285D35CA9420}
	EndGlobalSection
EndGlobal
